
Microsoft Visual Studio Solution File, Format Version 12.00
# Visual Studio 2012
Project("{FAE04EC0-301F-11D3-BF4B-00C04F79EFBC}") = "File_Filter", "File_Filter\File_Filter.csproj", "{5AED5151-AA6A-4639-BA20-34A89F9AA279}"
EndProject
Project("{6141683F-8A12-4E36-9623-2EB02B2C2303}") = "Setup", "Setup\Setup.isproj", "{784EB122-FD8D-4665-B18A-6EA7429CD618}"
EndProject
Global
	GlobalSection(SolutionConfigurationPlatforms) = preSolution
		CD_ROM|Any CPU = CD_ROM|Any CPU
		Debug|Any CPU = Debug|Any CPU
		DVD-5|Any CPU = DVD-5|Any CPU
		Release|Any CPU = Release|Any CPU
		SingleImage|Any CPU = SingleImage|Any CPU
	EndGlobalSection
	GlobalSection(ProjectConfigurationPlatforms) = postSolution
		{5AED5151-AA6A-4639-BA20-34A89F9AA279}.CD_ROM|Any CPU.ActiveCfg = Release|Any CPU
		{5AED5151-AA6A-4639-BA20-34A89F9AA279}.CD_ROM|Any CPU.Build.0 = Release|Any CPU
		{5AED5151-AA6A-4639-BA20-34A89F9AA279}.Debug|Any CPU.ActiveCfg = Debug|Any CPU
		{5AED5151-AA6A-4639-BA20-34A89F9AA279}.Debug|Any CPU.Build.0 = Debug|Any CPU
		{5AED5151-AA6A-4639-BA20-34A89F9AA279}.DVD-5|Any CPU.ActiveCfg = Debug|Any CPU
		{5AED5151-AA6A-4639-BA20-34A89F9AA279}.DVD-5|Any CPU.Build.0 = Debug|Any CPU
		{5AED5151-AA6A-4639-BA20-34A89F9AA279}.Release|Any CPU.ActiveCfg = Release|Any CPU
		{5AED5151-AA6A-4639-BA20-34A89F9AA279}.Release|Any CPU.Build.0 = Release|Any CPU
		{5AED5151-AA6A-4639-BA20-34A89F9AA279}.SingleImage|Any CPU.ActiveCfg = Debug|Any CPU
		{5AED5151-AA6A-4639-BA20-34A89F9AA279}.SingleImage|Any CPU.Build.0 = Debug|Any CPU
		{784EB122-FD8D-4665-B18A-6EA7429CD618}.CD_ROM|Any CPU.ActiveCfg = CD_ROM
		{784EB122-FD8D-4665-B18A-6EA7429CD618}.CD_ROM|Any CPU.Build.0 = CD_ROM
		{784EB122-FD8D-4665-B18A-6EA7429CD618}.Debug|Any CPU.ActiveCfg = DVD-5
		{784EB122-FD8D-4665-B18A-6EA7429CD618}.Debug|Any CPU.Build.0 = DVD-5
		{784EB122-FD8D-4665-B18A-6EA7429CD618}.DVD-5|Any CPU.ActiveCfg = DVD-5
		{784EB122-FD8D-4665-B18A-6EA7429CD618}.DVD-5|Any CPU.Build.0 = DVD-5
		{784EB122-FD8D-4665-B18A-6EA7429CD618}.Release|Any CPU.ActiveCfg = SingleImage
		{784EB122-FD8D-4665-B18A-6EA7429CD618}.Release|Any CPU.Build.0 = SingleImage
		{784EB122-FD8D-4665-B18A-6EA7429CD618}.SingleImage|Any CPU.ActiveCfg = SingleImage
		{784EB122-FD8D-4665-B18A-6EA7429CD618}.SingleImage|Any CPU.Build.0 = SingleImage
	EndGlobalSection
	GlobalSection(SolutionProperties) = preSolution
		HideSolutionNode = FALSE
	EndGlobalSection
EndGlobal
